// !$*UTF8*$!
{
	archiveVersion = 1;
	classes = {
	};
	objectVersion = 51;
	objects = {

/* Begin PBXBuildFile section */
		244CA25028481BED00873B26 /* Fan_TestViewController.m in Sources */ = {isa = PBXBuildFile; fileRef = 244CA24F28481BED00873B26 /* Fan_TestViewController.m */; };
		245308BE25EF2C560070E9AA /* FanScrollUnitViewController.m in Sources */ = {isa = PBXBuildFile; fileRef = 245308BD25EF2C560070E9AA /* FanScrollUnitViewController.m */; };
		245308C225EF2EA60070E9AA /* FanScrollUnitCell.m in Sources */ = {isa = PBXBuildFile; fileRef = 245308C125EF2EA60070E9AA /* FanScrollUnitCell.m */; };
		245308C625EF2EDC0070E9AA /* FanScrollUnitView.m in Sources */ = {isa = PBXBuildFile; fileRef = 245308C525EF2EDC0070E9AA /* FanScrollUnitView.m */; };
		245308CA25EF5B790070E9AA /* FanBaseCollectionCell.m in Sources */ = {isa = PBXBuildFile; fileRef = 245308C925EF5B790070E9AA /* FanBaseCollectionCell.m */; };
		245308CE25EF5C740070E9AA /* FanScrollCollectionCell.m in Sources */ = {isa = PBXBuildFile; fileRef = 245308CD25EF5C740070E9AA /* FanScrollCollectionCell.m */; };
		245308D525EF73BE0070E9AA /* FanScrollIndicateView.m in Sources */ = {isa = PBXBuildFile; fileRef = 245308D425EF73BE0070E9AA /* FanScrollIndicateView.m */; };
		2485CDDE25ED0AD1009D40D4 /* AppDelegate.m in Sources */ = {isa = PBXBuildFile; fileRef = 2485CDDD25ED0AD1009D40D4 /* AppDelegate.m */; };
		2485CDE125ED0AD1009D40D4 /* SceneDelegate.m in Sources */ = {isa = PBXBuildFile; fileRef = 2485CDE025ED0AD1009D40D4 /* SceneDelegate.m */; };
		2485CDE425ED0AD1009D40D4 /* ViewController.m in Sources */ = {isa = PBXBuildFile; fileRef = 2485CDE325ED0AD1009D40D4 /* ViewController.m */; };
		2485CDE725ED0AD1009D40D4 /* Main.storyboard in Resources */ = {isa = PBXBuildFile; fileRef = 2485CDE525ED0AD1009D40D4 /* Main.storyboard */; };
		2485CDE925ED0AD4009D40D4 /* Assets.xcassets in Resources */ = {isa = PBXBuildFile; fileRef = 2485CDE825ED0AD4009D40D4 /* Assets.xcassets */; };
		2485CDEC25ED0AD4009D40D4 /* LaunchScreen.storyboard in Resources */ = {isa = PBXBuildFile; fileRef = 2485CDEA25ED0AD4009D40D4 /* LaunchScreen.storyboard */; };
		2485CDEF25ED0AD4009D40D4 /* main.m in Sources */ = {isa = PBXBuildFile; fileRef = 2485CDEE25ED0AD4009D40D4 /* main.m */; };
		2485CDFE25ED0C7E009D40D4 /* FanBaseViewController.m in Sources */ = {isa = PBXBuildFile; fileRef = 2485CDFD25ED0C7E009D40D4 /* FanBaseViewController.m */; };
		2485CE0325ED0C95009D40D4 /* FanBaseModel.m in Sources */ = {isa = PBXBuildFile; fileRef = 2485CE0225ED0C95009D40D4 /* FanBaseModel.m */; };
		2485CE0725ED0CA8009D40D4 /* FanBaseView.m in Sources */ = {isa = PBXBuildFile; fileRef = 2485CE0625ED0CA8009D40D4 /* FanBaseView.m */; };
		2485CE0D25ED0D0B009D40D4 /* FanEditCellViewController.m in Sources */ = {isa = PBXBuildFile; fileRef = 2485CE0C25ED0D0B009D40D4 /* FanEditCellViewController.m */; };
		2485CE1225ED0D38009D40D4 /* FanBaseTableViewCell.m in Sources */ = {isa = PBXBuildFile; fileRef = 2485CE1125ED0D38009D40D4 /* FanBaseTableViewCell.m */; };
		2485CE7925ED1608009D40D4 /* UIView+FanExtension.m in Sources */ = {isa = PBXBuildFile; fileRef = 2485CE6B25ED1608009D40D4 /* UIView+FanExtension.m */; };
		2485CE7A25ED1608009D40D4 /* UIView+extension.m in Sources */ = {isa = PBXBuildFile; fileRef = 2485CE6E25ED1608009D40D4 /* UIView+extension.m */; };
		2485CE7B25ED1608009D40D4 /* UILabel+FanExtension.m in Sources */ = {isa = PBXBuildFile; fileRef = 2485CE7225ED1608009D40D4 /* UILabel+FanExtension.m */; };
		2485CE7D25ED1608009D40D4 /* UIColor+FanExtension.m in Sources */ = {isa = PBXBuildFile; fileRef = 2485CE7725ED1608009D40D4 /* UIColor+FanExtension.m */; };
		2485CE8325ED16B0009D40D4 /* FanBaseTableViewController.m in Sources */ = {isa = PBXBuildFile; fileRef = 2485CE8225ED16B0009D40D4 /* FanBaseTableViewController.m */; };
		24AAA22625ED1A3C001BB124 /* FanEditCellModel.m in Sources */ = {isa = PBXBuildFile; fileRef = 24AAA22525ED1A3C001BB124 /* FanEditCellModel.m */; };
		24AAA2BF25EDE44A001BB124 /* FanSelectDelecteView.m in Sources */ = {isa = PBXBuildFile; fileRef = 24AAA2BE25EDE44A001BB124 /* FanSelectDelecteView.m */; };
		24AAA2C425EDE5A7001BB124 /* FanEditTableViewCell.m in Sources */ = {isa = PBXBuildFile; fileRef = 24AAA2C325EDE5A7001BB124 /* FanEditTableViewCell.m */; };
		24C5431A282B4E2600A56574 /* FAN_CoreBlueModuleController.m in Sources */ = {isa = PBXBuildFile; fileRef = 24C54319282B4E2600A56574 /* FAN_CoreBlueModuleController.m */; };
		24C5431E282B5A7A00A56574 /* FAN_CoreBlueTools.m in Sources */ = {isa = PBXBuildFile; fileRef = 24C5431D282B5A7A00A56574 /* FAN_CoreBlueTools.m */; };
		3155ABEA285AE848002909F6 /* FAN_LiveStreamingViewController.m in Sources */ = {isa = PBXBuildFile; fileRef = 3155ABE9285AE848002909F6 /* FAN_LiveStreamingViewController.m */; };
		3155ABEF285FDD91002909F6 /* Fan_PowerTestViewController.m in Sources */ = {isa = PBXBuildFile; fileRef = 3155ABEE285FDD91002909F6 /* Fan_PowerTestViewController.m */; };
		3155ABF3285FDEFC002909F6 /* Fan_CircleProgressView.m in Sources */ = {isa = PBXBuildFile; fileRef = 3155ABF2285FDEFC002909F6 /* Fan_CircleProgressView.m */; };
		3155ABF828618BDD002909F6 /* Fan_ResponseChainController.m in Sources */ = {isa = PBXBuildFile; fileRef = 3155ABF728618BDD002909F6 /* Fan_ResponseChainController.m */; };
		3155ABFD286277A6002909F6 /* Fan_CommonlyAlgorithmController.m in Sources */ = {isa = PBXBuildFile; fileRef = 3155ABFC286277A6002909F6 /* Fan_CommonlyAlgorithmController.m */; };
		3155AC012862B719002909F6 /* FAN_webViewController.m in Sources */ = {isa = PBXBuildFile; fileRef = 3155AC002862B719002909F6 /* FAN_webViewController.m */; };
		3155AC042862B7C6002909F6 /* jsDemo.html in Resources */ = {isa = PBXBuildFile; fileRef = 3155AC032862B7C6002909F6 /* jsDemo.html */; };
		3155AC13286300B6002909F6 /* FanWebViewHandleDelegateObject.m in Sources */ = {isa = PBXBuildFile; fileRef = 3155AC12286300B6002909F6 /* FanWebViewHandleDelegateObject.m */; };
		3155AC16286306BD002909F6 /* NSObject+addFunc.m in Sources */ = {isa = PBXBuildFile; fileRef = 3155AC15286306BD002909F6 /* NSObject+addFunc.m */; };
		FEF73A61DD929F6098EA3E26 /* Pods_ClassicsDemo.framework in Frameworks */ = {isa = PBXBuildFile; fileRef = 62435D95371F511EF436ED3E /* Pods_ClassicsDemo.framework */; };
/* End PBXBuildFile section */

/* Begin PBXFileReference section */
		244CA24E28481BED00873B26 /* Fan_TestViewController.h */ = {isa = PBXFileReference; lastKnownFileType = sourcecode.c.h; path = Fan_TestViewController.h; sourceTree = "<group>"; };
		244CA24F28481BED00873B26 /* Fan_TestViewController.m */ = {isa = PBXFileReference; lastKnownFileType = sourcecode.c.objc; path = Fan_TestViewController.m; sourceTree = "<group>"; };
		245308BC25EF2C560070E9AA /* FanScrollUnitViewController.h */ = {isa = PBXFileReference; lastKnownFileType = sourcecode.c.h; path = FanScrollUnitViewController.h; sourceTree = "<group>"; };
		245308BD25EF2C560070E9AA /* FanScrollUnitViewController.m */ = {isa = PBXFileReference; lastKnownFileType = sourcecode.c.objc; path = FanScrollUnitViewController.m; sourceTree = "<group>"; };
		245308C025EF2EA60070E9AA /* FanScrollUnitCell.h */ = {isa = PBXFileReference; lastKnownFileType = sourcecode.c.h; path = FanScrollUnitCell.h; sourceTree = "<group>"; };
		245308C125EF2EA60070E9AA /* FanScrollUnitCell.m */ = {isa = PBXFileReference; lastKnownFileType = sourcecode.c.objc; path = FanScrollUnitCell.m; sourceTree = "<group>"; };
		245308C425EF2EDC0070E9AA /* FanScrollUnitView.h */ = {isa = PBXFileReference; lastKnownFileType = sourcecode.c.h; path = FanScrollUnitView.h; sourceTree = "<group>"; };
		245308C525EF2EDC0070E9AA /* FanScrollUnitView.m */ = {isa = PBXFileReference; lastKnownFileType = sourcecode.c.objc; path = FanScrollUnitView.m; sourceTree = "<group>"; };
		245308C825EF5B790070E9AA /* FanBaseCollectionCell.h */ = {isa = PBXFileReference; lastKnownFileType = sourcecode.c.h; path = FanBaseCollectionCell.h; sourceTree = "<group>"; };
		245308C925EF5B790070E9AA /* FanBaseCollectionCell.m */ = {isa = PBXFileReference; lastKnownFileType = sourcecode.c.objc; path = FanBaseCollectionCell.m; sourceTree = "<group>"; };
		245308CC25EF5C740070E9AA /* FanScrollCollectionCell.h */ = {isa = PBXFileReference; lastKnownFileType = sourcecode.c.h; path = FanScrollCollectionCell.h; sourceTree = "<group>"; };
		245308CD25EF5C740070E9AA /* FanScrollCollectionCell.m */ = {isa = PBXFileReference; lastKnownFileType = sourcecode.c.objc; path = FanScrollCollectionCell.m; sourceTree = "<group>"; };
		245308D325EF73BE0070E9AA /* FanScrollIndicateView.h */ = {isa = PBXFileReference; lastKnownFileType = sourcecode.c.h; path = FanScrollIndicateView.h; sourceTree = "<group>"; };
		245308D425EF73BE0070E9AA /* FanScrollIndicateView.m */ = {isa = PBXFileReference; lastKnownFileType = sourcecode.c.objc; path = FanScrollIndicateView.m; sourceTree = "<group>"; };
		2485CDD925ED0AD1009D40D4 /* ClassicsDemo.app */ = {isa = PBXFileReference; explicitFileType = wrapper.application; includeInIndex = 0; path = ClassicsDemo.app; sourceTree = BUILT_PRODUCTS_DIR; };
		2485CDDC25ED0AD1009D40D4 /* AppDelegate.h */ = {isa = PBXFileReference; lastKnownFileType = sourcecode.c.h; path = AppDelegate.h; sourceTree = "<group>"; };
		2485CDDD25ED0AD1009D40D4 /* AppDelegate.m */ = {isa = PBXFileReference; lastKnownFileType = sourcecode.c.objc; path = AppDelegate.m; sourceTree = "<group>"; };
		2485CDDF25ED0AD1009D40D4 /* SceneDelegate.h */ = {isa = PBXFileReference; lastKnownFileType = sourcecode.c.h; path = SceneDelegate.h; sourceTree = "<group>"; };
		2485CDE025ED0AD1009D40D4 /* SceneDelegate.m */ = {isa = PBXFileReference; lastKnownFileType = sourcecode.c.objc; path = SceneDelegate.m; sourceTree = "<group>"; };
		2485CDE225ED0AD1009D40D4 /* ViewController.h */ = {isa = PBXFileReference; lastKnownFileType = sourcecode.c.h; path = ViewController.h; sourceTree = "<group>"; };
		2485CDE325ED0AD1009D40D4 /* ViewController.m */ = {isa = PBXFileReference; lastKnownFileType = sourcecode.c.objc; path = ViewController.m; sourceTree = "<group>"; };
		2485CDE625ED0AD1009D40D4 /* Base */ = {isa = PBXFileReference; lastKnownFileType = file.storyboard; name = Base; path = Base.lproj/Main.storyboard; sourceTree = "<group>"; };
		2485CDE825ED0AD4009D40D4 /* Assets.xcassets */ = {isa = PBXFileReference; lastKnownFileType = folder.assetcatalog; path = Assets.xcassets; sourceTree = "<group>"; };
		2485CDEB25ED0AD4009D40D4 /* Base */ = {isa = PBXFileReference; lastKnownFileType = file.storyboard; name = Base; path = Base.lproj/LaunchScreen.storyboard; sourceTree = "<group>"; };
		2485CDED25ED0AD4009D40D4 /* Info.plist */ = {isa = PBXFileReference; lastKnownFileType = text.plist.xml; path = Info.plist; sourceTree = "<group>"; };
		2485CDEE25ED0AD4009D40D4 /* main.m */ = {isa = PBXFileReference; lastKnownFileType = sourcecode.c.objc; path = main.m; sourceTree = "<group>"; };
		2485CDFC25ED0C7E009D40D4 /* FanBaseViewController.h */ = {isa = PBXFileReference; lastKnownFileType = sourcecode.c.h; path = FanBaseViewController.h; sourceTree = "<group>"; };
		2485CDFD25ED0C7E009D40D4 /* FanBaseViewController.m */ = {isa = PBXFileReference; lastKnownFileType = sourcecode.c.objc; path = FanBaseViewController.m; sourceTree = "<group>"; };
		2485CE0125ED0C95009D40D4 /* FanBaseModel.h */ = {isa = PBXFileReference; lastKnownFileType = sourcecode.c.h; path = FanBaseModel.h; sourceTree = "<group>"; };
		2485CE0225ED0C95009D40D4 /* FanBaseModel.m */ = {isa = PBXFileReference; lastKnownFileType = sourcecode.c.objc; path = FanBaseModel.m; sourceTree = "<group>"; };
		2485CE0525ED0CA8009D40D4 /* FanBaseView.h */ = {isa = PBXFileReference; lastKnownFileType = sourcecode.c.h; path = FanBaseView.h; sourceTree = "<group>"; };
		2485CE0625ED0CA8009D40D4 /* FanBaseView.m */ = {isa = PBXFileReference; lastKnownFileType = sourcecode.c.objc; path = FanBaseView.m; sourceTree = "<group>"; };
		2485CE0B25ED0D0B009D40D4 /* FanEditCellViewController.h */ = {isa = PBXFileReference; lastKnownFileType = sourcecode.c.h; path = FanEditCellViewController.h; sourceTree = "<group>"; };
		2485CE0C25ED0D0B009D40D4 /* FanEditCellViewController.m */ = {isa = PBXFileReference; lastKnownFileType = sourcecode.c.objc; path = FanEditCellViewController.m; sourceTree = "<group>"; };
		2485CE1025ED0D38009D40D4 /* FanBaseTableViewCell.h */ = {isa = PBXFileReference; lastKnownFileType = sourcecode.c.h; path = FanBaseTableViewCell.h; sourceTree = "<group>"; };
		2485CE1125ED0D38009D40D4 /* FanBaseTableViewCell.m */ = {isa = PBXFileReference; lastKnownFileType = sourcecode.c.objc; path = FanBaseTableViewCell.m; sourceTree = "<group>"; };
		2485CE1425ED0EA9009D40D4 /* PrefixHeader.pch */ = {isa = PBXFileReference; lastKnownFileType = sourcecode.c.h; path = PrefixHeader.pch; sourceTree = "<group>"; };
		2485CE6B25ED1608009D40D4 /* UIView+FanExtension.m */ = {isa = PBXFileReference; fileEncoding = 4; lastKnownFileType = sourcecode.c.objc; path = "UIView+FanExtension.m"; sourceTree = "<group>"; };
		2485CE6C25ED1608009D40D4 /* UIView+extension.h */ = {isa = PBXFileReference; fileEncoding = 4; lastKnownFileType = sourcecode.c.h; path = "UIView+extension.h"; sourceTree = "<group>"; };
		2485CE6D25ED1608009D40D4 /* UIView+FanExtension.h */ = {isa = PBXFileReference; fileEncoding = 4; lastKnownFileType = sourcecode.c.h; path = "UIView+FanExtension.h"; sourceTree = "<group>"; };
		2485CE6E25ED1608009D40D4 /* UIView+extension.m */ = {isa = PBXFileReference; fileEncoding = 4; lastKnownFileType = sourcecode.c.objc; path = "UIView+extension.m"; sourceTree = "<group>"; };
		2485CE7025ED1608009D40D4 /* FanBaseFunTool.h */ = {isa = PBXFileReference; fileEncoding = 4; lastKnownFileType = sourcecode.c.h; path = FanBaseFunTool.h; sourceTree = "<group>"; };
		2485CE7225ED1608009D40D4 /* UILabel+FanExtension.m */ = {isa = PBXFileReference; fileEncoding = 4; lastKnownFileType = sourcecode.c.objc; path = "UILabel+FanExtension.m"; sourceTree = "<group>"; };
		2485CE7525ED1608009D40D4 /* UILabel+FanExtension.h */ = {isa = PBXFileReference; fileEncoding = 4; lastKnownFileType = sourcecode.c.h; path = "UILabel+FanExtension.h"; sourceTree = "<group>"; };
		2485CE7725ED1608009D40D4 /* UIColor+FanExtension.m */ = {isa = PBXFileReference; fileEncoding = 4; lastKnownFileType = sourcecode.c.objc; path = "UIColor+FanExtension.m"; sourceTree = "<group>"; };
		2485CE7825ED1608009D40D4 /* UIColor+FanExtension.h */ = {isa = PBXFileReference; fileEncoding = 4; lastKnownFileType = sourcecode.c.h; path = "UIColor+FanExtension.h"; sourceTree = "<group>"; };
		2485CE8125ED16B0009D40D4 /* FanBaseTableViewController.h */ = {isa = PBXFileReference; lastKnownFileType = sourcecode.c.h; path = FanBaseTableViewController.h; sourceTree = "<group>"; };
		2485CE8225ED16B0009D40D4 /* FanBaseTableViewController.m */ = {isa = PBXFileReference; lastKnownFileType = sourcecode.c.objc; path = FanBaseTableViewController.m; sourceTree = "<group>"; };
		24AAA22425ED1A3C001BB124 /* FanEditCellModel.h */ = {isa = PBXFileReference; lastKnownFileType = sourcecode.c.h; path = FanEditCellModel.h; sourceTree = "<group>"; };
		24AAA22525ED1A3C001BB124 /* FanEditCellModel.m */ = {isa = PBXFileReference; lastKnownFileType = sourcecode.c.objc; path = FanEditCellModel.m; sourceTree = "<group>"; };
		24AAA2BD25EDE44A001BB124 /* FanSelectDelecteView.h */ = {isa = PBXFileReference; lastKnownFileType = sourcecode.c.h; path = FanSelectDelecteView.h; sourceTree = "<group>"; };
		24AAA2BE25EDE44A001BB124 /* FanSelectDelecteView.m */ = {isa = PBXFileReference; lastKnownFileType = sourcecode.c.objc; path = FanSelectDelecteView.m; sourceTree = "<group>"; };
		24AAA2C225EDE5A7001BB124 /* FanEditTableViewCell.h */ = {isa = PBXFileReference; lastKnownFileType = sourcecode.c.h; path = FanEditTableViewCell.h; sourceTree = "<group>"; };
		24AAA2C325EDE5A7001BB124 /* FanEditTableViewCell.m */ = {isa = PBXFileReference; lastKnownFileType = sourcecode.c.objc; path = FanEditTableViewCell.m; sourceTree = "<group>"; };
		24C54318282B4E2600A56574 /* FAN_CoreBlueModuleController.h */ = {isa = PBXFileReference; lastKnownFileType = sourcecode.c.h; path = FAN_CoreBlueModuleController.h; sourceTree = "<group>"; };
		24C54319282B4E2600A56574 /* FAN_CoreBlueModuleController.m */ = {isa = PBXFileReference; lastKnownFileType = sourcecode.c.objc; path = FAN_CoreBlueModuleController.m; sourceTree = "<group>"; };
		24C5431C282B5A7A00A56574 /* FAN_CoreBlueTools.h */ = {isa = PBXFileReference; lastKnownFileType = sourcecode.c.h; path = FAN_CoreBlueTools.h; sourceTree = "<group>"; };
		24C5431D282B5A7A00A56574 /* FAN_CoreBlueTools.m */ = {isa = PBXFileReference; lastKnownFileType = sourcecode.c.objc; path = FAN_CoreBlueTools.m; sourceTree = "<group>"; };
		2CBFB622643C4228808D9D90 /* Pods-ClassicsDemo.release.xcconfig */ = {isa = PBXFileReference; includeInIndex = 1; lastKnownFileType = text.xcconfig; name = "Pods-ClassicsDemo.release.xcconfig"; path = "Target Support Files/Pods-ClassicsDemo/Pods-ClassicsDemo.release.xcconfig"; sourceTree = "<group>"; };
		3155ABE8285AE848002909F6 /* FAN_LiveStreamingViewController.h */ = {isa = PBXFileReference; lastKnownFileType = sourcecode.c.h; path = FAN_LiveStreamingViewController.h; sourceTree = "<group>"; };
		3155ABE9285AE848002909F6 /* FAN_LiveStreamingViewController.m */ = {isa = PBXFileReference; lastKnownFileType = sourcecode.c.objc; path = FAN_LiveStreamingViewController.m; sourceTree = "<group>"; };
		3155ABED285FDD91002909F6 /* Fan_PowerTestViewController.h */ = {isa = PBXFileReference; lastKnownFileType = sourcecode.c.h; path = Fan_PowerTestViewController.h; sourceTree = "<group>"; };
		3155ABEE285FDD91002909F6 /* Fan_PowerTestViewController.m */ = {isa = PBXFileReference; lastKnownFileType = sourcecode.c.objc; path = Fan_PowerTestViewController.m; sourceTree = "<group>"; };
		3155ABF1285FDEFC002909F6 /* Fan_CircleProgressView.h */ = {isa = PBXFileReference; lastKnownFileType = sourcecode.c.h; path = Fan_CircleProgressView.h; sourceTree = "<group>"; };
		3155ABF2285FDEFC002909F6 /* Fan_CircleProgressView.m */ = {isa = PBXFileReference; lastKnownFileType = sourcecode.c.objc; path = Fan_CircleProgressView.m; sourceTree = "<group>"; };
		3155ABF628618BDC002909F6 /* Fan_ResponseChainController.h */ = {isa = PBXFileReference; lastKnownFileType = sourcecode.c.h; path = Fan_ResponseChainController.h; sourceTree = "<group>"; };
		3155ABF728618BDD002909F6 /* Fan_ResponseChainController.m */ = {isa = PBXFileReference; lastKnownFileType = sourcecode.c.objc; path = Fan_ResponseChainController.m; sourceTree = "<group>"; };
		3155ABFB286277A6002909F6 /* Fan_CommonlyAlgorithmController.h */ = {isa = PBXFileReference; lastKnownFileType = sourcecode.c.h; path = Fan_CommonlyAlgorithmController.h; sourceTree = "<group>"; };
		3155ABFC286277A6002909F6 /* Fan_CommonlyAlgorithmController.m */ = {isa = PBXFileReference; lastKnownFileType = sourcecode.c.objc; path = Fan_CommonlyAlgorithmController.m; sourceTree = "<group>"; };
		3155ABFF2862B719002909F6 /* FAN_webViewController.h */ = {isa = PBXFileReference; lastKnownFileType = sourcecode.c.h; path = FAN_webViewController.h; sourceTree = "<group>"; };
		3155AC002862B719002909F6 /* FAN_webViewController.m */ = {isa = PBXFileReference; lastKnownFileType = sourcecode.c.objc; path = FAN_webViewController.m; sourceTree = "<group>"; };
		3155AC032862B7C6002909F6 /* jsDemo.html */ = {isa = PBXFileReference; fileEncoding = 4; lastKnownFileType = text.html; path = jsDemo.html; sourceTree = "<group>"; };
		3155AC11286300B6002909F6 /* FanWebViewHandleDelegateObject.h */ = {isa = PBXFileReference; lastKnownFileType = sourcecode.c.h; path = FanWebViewHandleDelegateObject.h; sourceTree = "<group>"; };
		3155AC12286300B6002909F6 /* FanWebViewHandleDelegateObject.m */ = {isa = PBXFileReference; lastKnownFileType = sourcecode.c.objc; path = FanWebViewHandleDelegateObject.m; sourceTree = "<group>"; };
		3155AC14286306BD002909F6 /* NSObject+addFunc.h */ = {isa = PBXFileReference; lastKnownFileType = sourcecode.c.h; path = "NSObject+addFunc.h"; sourceTree = "<group>"; };
		3155AC15286306BD002909F6 /* NSObject+addFunc.m */ = {isa = PBXFileReference; lastKnownFileType = sourcecode.c.objc; path = "NSObject+addFunc.m"; sourceTree = "<group>"; };
		62435D95371F511EF436ED3E /* Pods_ClassicsDemo.framework */ = {isa = PBXFileReference; explicitFileType = wrapper.framework; includeInIndex = 0; path = Pods_ClassicsDemo.framework; sourceTree = BUILT_PRODUCTS_DIR; };
		D1B4E3197918E86E914E7A48 /* Pods-ClassicsDemo.debug.xcconfig */ = {isa = PBXFileReference; includeInIndex = 1; lastKnownFileType = text.xcconfig; name = "Pods-ClassicsDemo.debug.xcconfig"; path = "Target Support Files/Pods-ClassicsDemo/Pods-ClassicsDemo.debug.xcconfig"; sourceTree = "<group>"; };
/* End PBXFileReference section */

/* Begin PBXFrameworksBuildPhase section */
		2485CDD625ED0AD1009D40D4 /* Frameworks */ = {
			isa = PBXFrameworksBuildPhase;
			buildActionMask = 2147483647;
			files = (
				FEF73A61DD929F6098EA3E26 /* Pods_ClassicsDemo.framework in Frameworks */,
			);
			runOnlyForDeploymentPostprocessing = 0;
		};
/* End PBXFrameworksBuildPhase section */

/* Begin PBXGroup section */
		244CA24D28481BA500873B26 /* TestModule */ = {
			isa = PBXGroup;
			children = (
				244CA24E28481BED00873B26 /* Fan_TestViewController.h */,
				244CA24F28481BED00873B26 /* Fan_TestViewController.m */,
			);
			path = TestModule;
			sourceTree = "<group>";
		};
		245308B825EF2BC40070E9AA /* ScrollUnitView */ = {
			isa = PBXGroup;
			children = (
				245308BB25EF2C200070E9AA /* controller */,
				245308BA25EF2C110070E9AA /* view */,
				245308B925EF2BE90070E9AA /* model */,
			);
			path = ScrollUnitView;
			sourceTree = "<group>";
		};
		245308B925EF2BE90070E9AA /* model */ = {
			isa = PBXGroup;
			children = (
			);
			path = model;
			sourceTree = "<group>";
		};
		245308BA25EF2C110070E9AA /* view */ = {
			isa = PBXGroup;
			children = (
				245308C025EF2EA60070E9AA /* FanScrollUnitCell.h */,
				245308C125EF2EA60070E9AA /* FanScrollUnitCell.m */,
				245308C425EF2EDC0070E9AA /* FanScrollUnitView.h */,
				245308C525EF2EDC0070E9AA /* FanScrollUnitView.m */,
				245308CC25EF5C740070E9AA /* FanScrollCollectionCell.h */,
				245308CD25EF5C740070E9AA /* FanScrollCollectionCell.m */,
				245308D325EF73BE0070E9AA /* FanScrollIndicateView.h */,
				245308D425EF73BE0070E9AA /* FanScrollIndicateView.m */,
			);
			path = view;
			sourceTree = "<group>";
		};
		245308BB25EF2C200070E9AA /* controller */ = {
			isa = PBXGroup;
			children = (
				245308BC25EF2C560070E9AA /* FanScrollUnitViewController.h */,
				245308BD25EF2C560070E9AA /* FanScrollUnitViewController.m */,
			);
			path = controller;
			sourceTree = "<group>";
		};
		2485CDD025ED0AD1009D40D4 = {
			isa = PBXGroup;
			children = (
				2485CDDB25ED0AD1009D40D4 /* ClassicsDemo */,
				2485CDDA25ED0AD1009D40D4 /* Products */,
				7DA4A413DF9F1951172368F7 /* Pods */,
				63C552F4FBCA97DEFDA43F40 /* Frameworks */,
			);
			sourceTree = "<group>";
		};
		2485CDDA25ED0AD1009D40D4 /* Products */ = {
			isa = PBXGroup;
			children = (
				2485CDD925ED0AD1009D40D4 /* ClassicsDemo.app */,
			);
			name = Products;
			sourceTree = "<group>";
		};
		2485CDDB25ED0AD1009D40D4 /* ClassicsDemo */ = {
			isa = PBXGroup;
			children = (
				2485CDF625ED0BD8009D40D4 /* class */,
				2485CDDC25ED0AD1009D40D4 /* AppDelegate.h */,
				2485CDDD25ED0AD1009D40D4 /* AppDelegate.m */,
				2485CDDF25ED0AD1009D40D4 /* SceneDelegate.h */,
				2485CDE025ED0AD1009D40D4 /* SceneDelegate.m */,
				2485CDE225ED0AD1009D40D4 /* ViewController.h */,
				2485CDE325ED0AD1009D40D4 /* ViewController.m */,
				2485CE1425ED0EA9009D40D4 /* PrefixHeader.pch */,
				2485CDE525ED0AD1009D40D4 /* Main.storyboard */,
				2485CDE825ED0AD4009D40D4 /* Assets.xcassets */,
				2485CDEA25ED0AD4009D40D4 /* LaunchScreen.storyboard */,
				2485CDED25ED0AD4009D40D4 /* Info.plist */,
				2485CDEE25ED0AD4009D40D4 /* main.m */,
			);
			path = ClassicsDemo;
			sourceTree = "<group>";
		};
		2485CDF625ED0BD8009D40D4 /* class */ = {
			isa = PBXGroup;
			children = (
				2485CE6825ED15C4009D40D4 /* PublicTools */,
				2485CDF825ED0C19009D40D4 /* FuncClass */,
				2485CDF725ED0BF5009D40D4 /* PublicClass */,
			);
			path = class;
			sourceTree = "<group>";
		};
		2485CDF725ED0BF5009D40D4 /* PublicClass */ = {
			isa = PBXGroup;
			children = (
				2485CDFB25ED0C4C009D40D4 /* view */,
				2485CDFA25ED0C3F009D40D4 /* model */,
				2485CDF925ED0C28009D40D4 /* controller */,
			);
			path = PublicClass;
			sourceTree = "<group>";
		};
		2485CDF825ED0C19009D40D4 /* FuncClass */ = {
			isa = PBXGroup;
			children = (
				3155ABFE2862B6D2002909F6 /* WebViewJS */,
				3155ABF9286276FC002909F6 /* CommonlyAlgorithm */,
				3155ABF428618B41002909F6 /* ResponseChain */,
				3155ABEB285FDD1C002909F6 /* PowerTest */,
				3155ABE6285AE7E2002909F6 /* LiveStreaming */,
				244CA24D28481BA500873B26 /* TestModule */,
				24C54316282B4D8600A56574 /* CoreBlueModule(蓝牙模块) */,
				245308B825EF2BC40070E9AA /* ScrollUnitView */,
				2485CE0925ED0CB9009D40D4 /* EditCell(编辑cell功能) */,
			);
			path = FuncClass;
			sourceTree = "<group>";
		};
		2485CDF925ED0C28009D40D4 /* controller */ = {
			isa = PBXGroup;
			children = (
				2485CDFC25ED0C7E009D40D4 /* FanBaseViewController.h */,
				2485CDFD25ED0C7E009D40D4 /* FanBaseViewController.m */,
				2485CE8125ED16B0009D40D4 /* FanBaseTableViewController.h */,
				2485CE8225ED16B0009D40D4 /* FanBaseTableViewController.m */,
			);
			path = controller;
			sourceTree = "<group>";
		};
		2485CDFA25ED0C3F009D40D4 /* model */ = {
			isa = PBXGroup;
			children = (
				2485CE0125ED0C95009D40D4 /* FanBaseModel.h */,
				2485CE0225ED0C95009D40D4 /* FanBaseModel.m */,
			);
			path = model;
			sourceTree = "<group>";
		};
		2485CDFB25ED0C4C009D40D4 /* view */ = {
			isa = PBXGroup;
			children = (
				2485CE0525ED0CA8009D40D4 /* FanBaseView.h */,
				2485CE0625ED0CA8009D40D4 /* FanBaseView.m */,
				2485CE1025ED0D38009D40D4 /* FanBaseTableViewCell.h */,
				2485CE1125ED0D38009D40D4 /* FanBaseTableViewCell.m */,
				245308C825EF5B790070E9AA /* FanBaseCollectionCell.h */,
				245308C925EF5B790070E9AA /* FanBaseCollectionCell.m */,
			);
			path = view;
			sourceTree = "<group>";
		};
		2485CE0925ED0CB9009D40D4 /* EditCell(编辑cell功能) */ = {
			isa = PBXGroup;
			children = (
				24AAA2BC25EDE406001BB124 /* view */,
				24AAA22325ED1A04001BB124 /* model */,
				2485CE0A25ED0CE5009D40D4 /* controller */,
			);
			path = "EditCell(编辑cell功能)";
			sourceTree = "<group>";
		};
		2485CE0A25ED0CE5009D40D4 /* controller */ = {
			isa = PBXGroup;
			children = (
				2485CE0B25ED0D0B009D40D4 /* FanEditCellViewController.h */,
				2485CE0C25ED0D0B009D40D4 /* FanEditCellViewController.m */,
			);
			path = controller;
			sourceTree = "<group>";
		};
		2485CE6825ED15C4009D40D4 /* PublicTools */ = {
			isa = PBXGroup;
			children = (
				2485CE6925ED15E3009D40D4 /* category */,
			);
			path = PublicTools;
			sourceTree = "<group>";
		};
		2485CE6925ED15E3009D40D4 /* category */ = {
			isa = PBXGroup;
			children = (
				2485CE6F25ED1608009D40D4 /* OK_END */,
				2485CE7625ED1608009D40D4 /* UIColor */,
				2485CE7125ED1608009D40D4 /* UILabel */,
				2485CE6A25ED1608009D40D4 /* UIView */,
			);
			path = category;
			sourceTree = "<group>";
		};
		2485CE6A25ED1608009D40D4 /* UIView */ = {
			isa = PBXGroup;
			children = (
				2485CE6B25ED1608009D40D4 /* UIView+FanExtension.m */,
				2485CE6C25ED1608009D40D4 /* UIView+extension.h */,
				2485CE6D25ED1608009D40D4 /* UIView+FanExtension.h */,
				2485CE6E25ED1608009D40D4 /* UIView+extension.m */,
			);
			path = UIView;
			sourceTree = "<group>";
		};
		2485CE6F25ED1608009D40D4 /* OK_END */ = {
			isa = PBXGroup;
			children = (
				2485CE7025ED1608009D40D4 /* FanBaseFunTool.h */,
			);
			path = OK_END;
			sourceTree = "<group>";
		};
		2485CE7125ED1608009D40D4 /* UILabel */ = {
			isa = PBXGroup;
			children = (
				2485CE7225ED1608009D40D4 /* UILabel+FanExtension.m */,
				2485CE7525ED1608009D40D4 /* UILabel+FanExtension.h */,
			);
			path = UILabel;
			sourceTree = "<group>";
		};
		2485CE7625ED1608009D40D4 /* UIColor */ = {
			isa = PBXGroup;
			children = (
				2485CE7725ED1608009D40D4 /* UIColor+FanExtension.m */,
				2485CE7825ED1608009D40D4 /* UIColor+FanExtension.h */,
			);
			path = UIColor;
			sourceTree = "<group>";
		};
		24AAA22325ED1A04001BB124 /* model */ = {
			isa = PBXGroup;
			children = (
				24AAA22425ED1A3C001BB124 /* FanEditCellModel.h */,
				24AAA22525ED1A3C001BB124 /* FanEditCellModel.m */,
			);
			path = model;
			sourceTree = "<group>";
		};
		24AAA2BC25EDE406001BB124 /* view */ = {
			isa = PBXGroup;
			children = (
				24AAA2BD25EDE44A001BB124 /* FanSelectDelecteView.h */,
				24AAA2BE25EDE44A001BB124 /* FanSelectDelecteView.m */,
				24AAA2C225EDE5A7001BB124 /* FanEditTableViewCell.h */,
				24AAA2C325EDE5A7001BB124 /* FanEditTableViewCell.m */,
			);
			path = view;
			sourceTree = "<group>";
		};
		24C54316282B4D8600A56574 /* CoreBlueModule(蓝牙模块) */ = {
			isa = PBXGroup;
			children = (
				24C5431B282B5A3100A56574 /* Tools */,
				24C54317282B4DE000A56574 /* Controller */,
			);
			path = "CoreBlueModule(蓝牙模块)";
			sourceTree = "<group>";
		};
		24C54317282B4DE000A56574 /* Controller */ = {
			isa = PBXGroup;
			children = (
				24C54318282B4E2600A56574 /* FAN_CoreBlueModuleController.h */,
				24C54319282B4E2600A56574 /* FAN_CoreBlueModuleController.m */,
			);
			path = Controller;
			sourceTree = "<group>";
		};
		24C5431B282B5A3100A56574 /* Tools */ = {
			isa = PBXGroup;
			children = (
				24C5431C282B5A7A00A56574 /* FAN_CoreBlueTools.h */,
				24C5431D282B5A7A00A56574 /* FAN_CoreBlueTools.m */,
			);
			path = Tools;
			sourceTree = "<group>";
		};
		3155ABE6285AE7E2002909F6 /* LiveStreaming */ = {
			isa = PBXGroup;
			children = (
				3155ABE7285AE80F002909F6 /* Controller */,
			);
			path = LiveStreaming;
			sourceTree = "<group>";
		};
		3155ABE7285AE80F002909F6 /* Controller */ = {
			isa = PBXGroup;
			children = (
				3155ABE8285AE848002909F6 /* FAN_LiveStreamingViewController.h */,
				3155ABE9285AE848002909F6 /* FAN_LiveStreamingViewController.m */,
			);
			path = Controller;
			sourceTree = "<group>";
		};
		3155ABEB285FDD1C002909F6 /* PowerTest */ = {
			isa = PBXGroup;
			children = (
				3155ABF0285FDEDE002909F6 /* View */,
				3155ABEC285FDD66002909F6 /* Controller */,
			);
			path = PowerTest;
			sourceTree = "<group>";
		};
		3155ABEC285FDD66002909F6 /* Controller */ = {
			isa = PBXGroup;
			children = (
				3155ABED285FDD91002909F6 /* Fan_PowerTestViewController.h */,
				3155ABEE285FDD91002909F6 /* Fan_PowerTestViewController.m */,
			);
			path = Controller;
			sourceTree = "<group>";
		};
		3155ABF0285FDEDE002909F6 /* View */ = {
			isa = PBXGroup;
			children = (
				3155ABF1285FDEFC002909F6 /* Fan_CircleProgressView.h */,
				3155ABF2285FDEFC002909F6 /* Fan_CircleProgressView.m */,
			);
			path = View;
			sourceTree = "<group>";
		};
		3155ABF428618B41002909F6 /* ResponseChain */ = {
			isa = PBXGroup;
			children = (
				3155ABF528618BAA002909F6 /* Controller */,
			);
			path = ResponseChain;
			sourceTree = "<group>";
		};
		3155ABF528618BAA002909F6 /* Controller */ = {
			isa = PBXGroup;
			children = (
				3155ABF628618BDC002909F6 /* Fan_ResponseChainController.h */,
				3155ABF728618BDD002909F6 /* Fan_ResponseChainController.m */,
			);
			path = Controller;
			sourceTree = "<group>";
		};
		3155ABF9286276FC002909F6 /* CommonlyAlgorithm */ = {
			isa = PBXGroup;
			children = (
				3155ABFA28627759002909F6 /* Controller */,
			);
			path = CommonlyAlgorithm;
			sourceTree = "<group>";
		};
		3155ABFA28627759002909F6 /* Controller */ = {
			isa = PBXGroup;
			children = (
				3155ABFB286277A6002909F6 /* Fan_CommonlyAlgorithmController.h */,
				3155ABFC286277A6002909F6 /* Fan_CommonlyAlgorithmController.m */,
			);
			path = Controller;
			sourceTree = "<group>";
		};
		3155ABFE2862B6D2002909F6 /* WebViewJS */ = {
			isa = PBXGroup;
			children = (
				3155AC022862B720002909F6 /* Controller */,
			);
			path = WebViewJS;
			sourceTree = "<group>";
		};
		3155AC022862B720002909F6 /* Controller */ = {
			isa = PBXGroup;
			children = (
				3155AC032862B7C6002909F6 /* jsDemo.html */,
				3155ABFF2862B719002909F6 /* FAN_webViewController.h */,
				3155AC002862B719002909F6 /* FAN_webViewController.m */,
				3155AC11286300B6002909F6 /* FanWebViewHandleDelegateObject.h */,
				3155AC12286300B6002909F6 /* FanWebViewHandleDelegateObject.m */,
				3155AC14286306BD002909F6 /* NSObject+addFunc.h */,
				3155AC15286306BD002909F6 /* NSObject+addFunc.m */,
			);
			path = Controller;
			sourceTree = "<group>";
		};
		63C552F4FBCA97DEFDA43F40 /* Frameworks */ = {
			isa = PBXGroup;
			children = (
				62435D95371F511EF436ED3E /* Pods_ClassicsDemo.framework */,
			);
			name = Frameworks;
			sourceTree = "<group>";
		};
		7DA4A413DF9F1951172368F7 /* Pods */ = {
			isa = PBXGroup;
			children = (
				D1B4E3197918E86E914E7A48 /* Pods-ClassicsDemo.debug.xcconfig */,
				2CBFB622643C4228808D9D90 /* Pods-ClassicsDemo.release.xcconfig */,
			);
			path = Pods;
			sourceTree = "<group>";
		};
/* End PBXGroup section */

/* Begin PBXNativeTarget section */
		2485CDD825ED0AD1009D40D4 /* ClassicsDemo */ = {
			isa = PBXNativeTarget;
			buildConfigurationList = 2485CDF225ED0AD4009D40D4 /* Build configuration list for PBXNativeTarget "ClassicsDemo" */;
			buildPhases = (
				C093A8E50E6FAB03098501F5 /* [CP] Check Pods Manifest.lock */,
				2485CDD525ED0AD1009D40D4 /* Sources */,
				2485CDD625ED0AD1009D40D4 /* Frameworks */,
				2485CDD725ED0AD1009D40D4 /* Resources */,
				B03164AEB41F8319279C9CA4 /* [CP] Embed Pods Frameworks */,
			);
			buildRules = (
			);
			dependencies = (
			);
			name = ClassicsDemo;
			productName = ClassicsDemo;
			productReference = 2485CDD925ED0AD1009D40D4 /* ClassicsDemo.app */;
			productType = "com.apple.product-type.application";
		};
/* End PBXNativeTarget section */

/* Begin PBXProject section */
		2485CDD125ED0AD1009D40D4 /* Project object */ = {
			isa = PBXProject;
			attributes = {
				CLASSPREFIX = Fan;
				LastUpgradeCheck = 1240;
				TargetAttributes = {
					2485CDD825ED0AD1009D40D4 = {
						CreatedOnToolsVersion = 12.4;
					};
				};
			};
			buildConfigurationList = 2485CDD425ED0AD1009D40D4 /* Build configuration list for PBXProject "ClassicsDemo" */;
			compatibilityVersion = "Xcode 9.3";
			developmentRegion = en;
			hasScannedForEncodings = 0;
			knownRegions = (
				en,
				Base,
			);
			mainGroup = 2485CDD025ED0AD1009D40D4;
			productRefGroup = 2485CDDA25ED0AD1009D40D4 /* Products */;
			projectDirPath = "";
			projectRoot = "";
			targets = (
				2485CDD825ED0AD1009D40D4 /* ClassicsDemo */,
			);
		};
/* End PBXProject section */

/* Begin PBXResourcesBuildPhase section */
		2485CDD725ED0AD1009D40D4 /* Resources */ = {
			isa = PBXResourcesBuildPhase;
			buildActionMask = 2147483647;
			files = (
				3155AC042862B7C6002909F6 /* jsDemo.html in Resources */,
				2485CDEC25ED0AD4009D40D4 /* LaunchScreen.storyboard in Resources */,
				2485CDE925ED0AD4009D40D4 /* Assets.xcassets in Resources */,
				2485CDE725ED0AD1009D40D4 /* Main.storyboard in Resources */,
			);
			runOnlyForDeploymentPostprocessing = 0;
		};
/* End PBXResourcesBuildPhase section */

/* Begin PBXShellScriptBuildPhase section */
		B03164AEB41F8319279C9CA4 /* [CP] Embed Pods Frameworks */ = {
			isa = PBXShellScriptBuildPhase;
			buildActionMask = 2147483647;
			files = (
			);
			inputFileListPaths = (
				"${PODS_ROOT}/Target Support Files/Pods-ClassicsDemo/Pods-ClassicsDemo-frameworks-${CONFIGURATION}-input-files.xcfilelist",
			);
			name = "[CP] Embed Pods Frameworks";
			outputFileListPaths = (
				"${PODS_ROOT}/Target Support Files/Pods-ClassicsDemo/Pods-ClassicsDemo-frameworks-${CONFIGURATION}-output-files.xcfilelist",
			);
			runOnlyForDeploymentPostprocessing = 0;
			shellPath = /bin/sh;
			shellScript = "\"${PODS_ROOT}/Target Support Files/Pods-ClassicsDemo/Pods-ClassicsDemo-frameworks.sh\"\n";
			showEnvVarsInLog = 0;
		};
		C093A8E50E6FAB03098501F5 /* [CP] Check Pods Manifest.lock */ = {
			isa = PBXShellScriptBuildPhase;
			buildActionMask = 2147483647;
			files = (
			);
			inputFileListPaths = (
			);
			inputPaths = (
				"${PODS_PODFILE_DIR_PATH}/Podfile.lock",
				"${PODS_ROOT}/Manifest.lock",
			);
			name = "[CP] Check Pods Manifest.lock";
			outputFileListPaths = (
			);
			outputPaths = (
				"$(DERIVED_FILE_DIR)/Pods-ClassicsDemo-checkManifestLockResult.txt",
			);
			runOnlyForDeploymentPostprocessing = 0;
			shellPath = /bin/sh;
			shellScript = "diff \"${PODS_PODFILE_DIR_PATH}/Podfile.lock\" \"${PODS_ROOT}/Manifest.lock\" > /dev/null\nif [ $? != 0 ] ; then\n    # print error to STDERR\n    echo \"error: The sandbox is not in sync with the Podfile.lock. Run 'pod install' or update your CocoaPods installation.\" >&2\n    exit 1\nfi\n# This output is used by Xcode 'outputs' to avoid re-running this script phase.\necho \"SUCCESS\" > \"${SCRIPT_OUTPUT_FILE_0}\"\n";
			showEnvVarsInLog = 0;
		};
/* End PBXShellScriptBuildPhase section */

/* Begin PBXSourcesBuildPhase section */
		2485CDD525ED0AD1009D40D4 /* Sources */ = {
			isa = PBXSourcesBuildPhase;
			buildActionMask = 2147483647;
			files = (
				3155AC13286300B6002909F6 /* FanWebViewHandleDelegateObject.m in Sources */,
				24C5431A282B4E2600A56574 /* FAN_CoreBlueModuleController.m in Sources */,
				24AAA2C425EDE5A7001BB124 /* FanEditTableViewCell.m in Sources */,
				2485CE8325ED16B0009D40D4 /* FanBaseTableViewController.m in Sources */,
				3155AC012862B719002909F6 /* FAN_webViewController.m in Sources */,
				2485CE7B25ED1608009D40D4 /* UILabel+FanExtension.m in Sources */,
				245308CA25EF5B790070E9AA /* FanBaseCollectionCell.m in Sources */,
				245308C225EF2EA60070E9AA /* FanScrollUnitCell.m in Sources */,
				2485CE1225ED0D38009D40D4 /* FanBaseTableViewCell.m in Sources */,
				245308C625EF2EDC0070E9AA /* FanScrollUnitView.m in Sources */,
				2485CE0D25ED0D0B009D40D4 /* FanEditCellViewController.m in Sources */,
				2485CE0325ED0C95009D40D4 /* FanBaseModel.m in Sources */,
				3155ABEA285AE848002909F6 /* FAN_LiveStreamingViewController.m in Sources */,
				2485CDE425ED0AD1009D40D4 /* ViewController.m in Sources */,
				2485CDDE25ED0AD1009D40D4 /* AppDelegate.m in Sources */,
				24AAA2BF25EDE44A001BB124 /* FanSelectDelecteView.m in Sources */,
				2485CE0725ED0CA8009D40D4 /* FanBaseView.m in Sources */,
				2485CE7D25ED1608009D40D4 /* UIColor+FanExtension.m in Sources */,
				3155ABEF285FDD91002909F6 /* Fan_PowerTestViewController.m in Sources */,
				245308BE25EF2C560070E9AA /* FanScrollUnitViewController.m in Sources */,
				24C5431E282B5A7A00A56574 /* FAN_CoreBlueTools.m in Sources */,
				2485CE7A25ED1608009D40D4 /* UIView+extension.m in Sources */,
				3155ABF828618BDD002909F6 /* Fan_ResponseChainController.m in Sources */,
				24AAA22625ED1A3C001BB124 /* FanEditCellModel.m in Sources */,
				3155ABFD286277A6002909F6 /* Fan_CommonlyAlgorithmController.m in Sources */,
				2485CDEF25ED0AD4009D40D4 /* main.m in Sources */,
				245308CE25EF5C740070E9AA /* FanScrollCollectionCell.m in Sources */,
				3155ABF3285FDEFC002909F6 /* Fan_CircleProgressView.m in Sources */,
				2485CDFE25ED0C7E009D40D4 /* FanBaseViewController.m in Sources */,
				3155AC16286306BD002909F6 /* NSObject+addFunc.m in Sources */,
				244CA25028481BED00873B26 /* Fan_TestViewController.m in Sources */,
				245308D525EF73BE0070E9AA /* FanScrollIndicateView.m in Sources */,
				2485CE7925ED1608009D40D4 /* UIView+FanExtension.m in Sources */,
				2485CDE125ED0AD1009D40D4 /* SceneDelegate.m in Sources */,
			);
			runOnlyForDeploymentPostprocessing = 0;
		};
/* End PBXSourcesBuildPhase section */

/* Begin PBXVariantGroup section */
		2485CDE525ED0AD1009D40D4 /* Main.storyboard */ = {
			isa = PBXVariantGroup;
			children = (
				2485CDE625ED0AD1009D40D4 /* Base */,
			);
			name = Main.storyboard;
			sourceTree = "<group>";
		};
		2485CDEA25ED0AD4009D40D4 /* LaunchScreen.storyboard */ = {
			isa = PBXVariantGroup;
			children = (
				2485CDEB25ED0AD4009D40D4 /* Base */,
			);
			name = LaunchScreen.storyboard;
			sourceTree = "<group>";
		};
/* End PBXVariantGroup section */

/* Begin XCBuildConfiguration section */
		2485CDF025ED0AD4009D40D4 /* Debug */ = {
			isa = XCBuildConfiguration;
			buildSettings = {
				ALWAYS_SEARCH_USER_PATHS = NO;
				CLANG_ANALYZER_NONNULL = YES;
				CLANG_ANALYZER_NUMBER_OBJECT_CONVERSION = YES_AGGRESSIVE;
				CLANG_CXX_LANGUAGE_STANDARD = "gnu++14";
				CLANG_CXX_LIBRARY = "libc++";
				CLANG_ENABLE_MODULES = YES;
				CLANG_ENABLE_OBJC_ARC = YES;
				CLANG_ENABLE_OBJC_WEAK = YES;
				CLANG_WARN_BLOCK_CAPTURE_AUTORELEASING = YES;
				CLANG_WARN_BOOL_CONVERSION = YES;
				CLANG_WARN_COMMA = YES;
				CLANG_WARN_CONSTANT_CONVERSION = YES;
				CLANG_WARN_DEPRECATED_OBJC_IMPLEMENTATIONS = YES;
				CLANG_WARN_DIRECT_OBJC_ISA_USAGE = YES_ERROR;
				CLANG_WARN_DOCUMENTATION_COMMENTS = YES;
				CLANG_WARN_EMPTY_BODY = YES;
				CLANG_WARN_ENUM_CONVERSION = YES;
				CLANG_WARN_INFINITE_RECURSION = YES;
				CLANG_WARN_INT_CONVERSION = YES;
				CLANG_WARN_NON_LITERAL_NULL_CONVERSION = YES;
				CLANG_WARN_OBJC_IMPLICIT_RETAIN_SELF = YES;
				CLANG_WARN_OBJC_LITERAL_CONVERSION = YES;
				CLANG_WARN_OBJC_ROOT_CLASS = YES_ERROR;
				CLANG_WARN_QUOTED_INCLUDE_IN_FRAMEWORK_HEADER = YES;
				CLANG_WARN_RANGE_LOOP_ANALYSIS = YES;
				CLANG_WARN_STRICT_PROTOTYPES = YES;
				CLANG_WARN_SUSPICIOUS_MOVE = YES;
				CLANG_WARN_UNGUARDED_AVAILABILITY = YES_AGGRESSIVE;
				CLANG_WARN_UNREACHABLE_CODE = YES;
				CLANG_WARN__DUPLICATE_METHOD_MATCH = YES;
				COPY_PHASE_STRIP = NO;
				DEBUG_INFORMATION_FORMAT = dwarf;
				ENABLE_STRICT_OBJC_MSGSEND = YES;
				ENABLE_TESTABILITY = YES;
				GCC_C_LANGUAGE_STANDARD = gnu11;
				GCC_DYNAMIC_NO_PIC = NO;
				GCC_NO_COMMON_BLOCKS = YES;
				GCC_OPTIMIZATION_LEVEL = 0;
				GCC_PREPROCESSOR_DEFINITIONS = (
					"DEBUG=1",
					"$(inherited)",
				);
				GCC_WARN_64_TO_32_BIT_CONVERSION = YES;
				GCC_WARN_ABOUT_RETURN_TYPE = YES_ERROR;
				GCC_WARN_UNDECLARED_SELECTOR = YES;
				GCC_WARN_UNINITIALIZED_AUTOS = YES_AGGRESSIVE;
				GCC_WARN_UNUSED_FUNCTION = YES;
				GCC_WARN_UNUSED_VARIABLE = YES;
				IPHONEOS_DEPLOYMENT_TARGET = 14.4;
				MTL_ENABLE_DEBUG_INFO = INCLUDE_SOURCE;
				MTL_FAST_MATH = YES;
				ONLY_ACTIVE_ARCH = YES;
				SDKROOT = iphoneos;
			};
			name = Debug;
		};
		2485CDF125ED0AD4009D40D4 /* Release */ = {
			isa = XCBuildConfiguration;
			buildSettings = {
				ALWAYS_SEARCH_USER_PATHS = NO;
				CLANG_ANALYZER_NONNULL = YES;
				CLANG_ANALYZER_NUMBER_OBJECT_CONVERSION = YES_AGGRESSIVE;
				CLANG_CXX_LANGUAGE_STANDARD = "gnu++14";
				CLANG_CXX_LIBRARY = "libc++";
				CLANG_ENABLE_MODULES = YES;
				CLANG_ENABLE_OBJC_ARC = YES;
				CLANG_ENABLE_OBJC_WEAK = YES;
				CLANG_WARN_BLOCK_CAPTURE_AUTORELEASING = YES;
				CLANG_WARN_BOOL_CONVERSION = YES;
				CLANG_WARN_COMMA = YES;
				CLANG_WARN_CONSTANT_CONVERSION = YES;
				CLANG_WARN_DEPRECATED_OBJC_IMPLEMENTATIONS = YES;
				CLANG_WARN_DIRECT_OBJC_ISA_USAGE = YES_ERROR;
				CLANG_WARN_DOCUMENTATION_COMMENTS = YES;
				CLANG_WARN_EMPTY_BODY = YES;
				CLANG_WARN_ENUM_CONVERSION = YES;
				CLANG_WARN_INFINITE_RECURSION = YES;
				CLANG_WARN_INT_CONVERSION = YES;
				CLANG_WARN_NON_LITERAL_NULL_CONVERSION = YES;
				CLANG_WARN_OBJC_IMPLICIT_RETAIN_SELF = YES;
				CLANG_WARN_OBJC_LITERAL_CONVERSION = YES;
				CLANG_WARN_OBJC_ROOT_CLASS = YES_ERROR;
				CLANG_WARN_QUOTED_INCLUDE_IN_FRAMEWORK_HEADER = YES;
				CLANG_WARN_RANGE_LOOP_ANALYSIS = YES;
				CLANG_WARN_STRICT_PROTOTYPES = YES;
				CLANG_WARN_SUSPICIOUS_MOVE = YES;
				CLANG_WARN_UNGUARDED_AVAILABILITY = YES_AGGRESSIVE;
				CLANG_WARN_UNREACHABLE_CODE = YES;
				CLANG_WARN__DUPLICATE_METHOD_MATCH = YES;
				COPY_PHASE_STRIP = NO;
				DEBUG_INFORMATION_FORMAT = "dwarf-with-dsym";
				ENABLE_NS_ASSERTIONS = NO;
				ENABLE_STRICT_OBJC_MSGSEND = YES;
				GCC_C_LANGUAGE_STANDARD = gnu11;
				GCC_NO_COMMON_BLOCKS = YES;
				GCC_WARN_64_TO_32_BIT_CONVERSION = YES;
				GCC_WARN_ABOUT_RETURN_TYPE = YES_ERROR;
				GCC_WARN_UNDECLARED_SELECTOR = YES;
				GCC_WARN_UNINITIALIZED_AUTOS = YES_AGGRESSIVE;
				GCC_WARN_UNUSED_FUNCTION = YES;
				GCC_WARN_UNUSED_VARIABLE = YES;
				IPHONEOS_DEPLOYMENT_TARGET = 14.4;
				MTL_ENABLE_DEBUG_INFO = NO;
				MTL_FAST_MATH = YES;
				SDKROOT = iphoneos;
				VALIDATE_PRODUCT = YES;
			};
			name = Release;
		};
		2485CDF325ED0AD4009D40D4 /* Debug */ = {
			isa = XCBuildConfiguration;
			baseConfigurationReference = D1B4E3197918E86E914E7A48 /* Pods-ClassicsDemo.debug.xcconfig */;
			buildSettings = {
				ASSETCATALOG_COMPILER_APPICON_NAME = AppIcon;
				ASSETCATALOG_COMPILER_GLOBAL_ACCENT_COLOR_NAME = AccentColor;
				CODE_SIGN_STYLE = Automatic;
				DEVELOPMENT_TEAM = 48XD7V73T2;
				GCC_PREFIX_HEADER = "$(SRCROOT)/ClassicsDemo/PrefixHeader.pch";
				INFOPLIST_FILE = ClassicsDemo/Info.plist;
				IPHONEOS_DEPLOYMENT_TARGET = 13.0;
				LD_RUNPATH_SEARCH_PATHS = (
					"$(inherited)",
					"@executable_path/Frameworks",
				);
				PRODUCT_BUNDLE_IDENTIFIER = com.fan.ClassicsDemo1;
				PRODUCT_NAME = "$(TARGET_NAME)";
				TARGETED_DEVICE_FAMILY = "1,2";
			};
			name = Debug;
		};
		2485CDF425ED0AD4009D40D4 /* Release */ = {
			isa = XCBuildConfiguration;
			baseConfigurationReference = 2CBFB622643C4228808D9D90 /* Pods-ClassicsDemo.release.xcconfig */;
			buildSettings = {
				ASSETCATALOG_COMPILER_APPICON_NAME = AppIcon;
				ASSETCATALOG_COMPILER_GLOBAL_ACCENT_COLOR_NAME = AccentColor;
				CODE_SIGN_STYLE = Automatic;
				DEVELOPMENT_TEAM = 48XD7V73T2;
				GCC_PREFIX_HEADER = "$(SRCROOT)/ClassicsDemo/PrefixHeader.pch";
				INFOPLIST_FILE = ClassicsDemo/Info.plist;
				IPHONEOS_DEPLOYMENT_TARGET = 13.0;
				LD_RUNPATH_SEARCH_PATHS = (
					"$(inherited)",
					"@executable_path/Frameworks",
				);
				PRODUCT_BUNDLE_IDENTIFIER = com.fan.ClassicsDemo1;
				PRODUCT_NAME = "$(TARGET_NAME)";
				TARGETED_DEVICE_FAMILY = "1,2";
			};
			name = Release;
		};
/* End XCBuildConfiguration section */

/* Begin XCConfigurationList section */
		2485CDD425ED0AD1009D40D4 /* Build configuration list for PBXProject "ClassicsDemo" */ = {
			isa = XCConfigurationList;
			buildConfigurations = (
				2485CDF025ED0AD4009D40D4 /* Debug */,
				2485CDF125ED0AD4009D40D4 /* Release */,
			);
			defaultConfigurationIsVisible = 0;
			defaultConfigurationName = Release;
		};
		2485CDF225ED0AD4009D40D4 /* Build configuration list for PBXNativeTarget "ClassicsDemo" */ = {
			isa = XCConfigurationList;
			buildConfigurations = (
				2485CDF325ED0AD4009D40D4 /* Debug */,
				2485CDF425ED0AD4009D40D4 /* Release */,
			);
			defaultConfigurationIsVisible = 0;
			defaultConfigurationName = Release;
		};
/* End XCConfigurationList section */
	};
	rootObject = 2485CDD125ED0AD1009D40D4 /* Project object */;
}
